
Microsoft Visual Studio Solution File, Format Version 12.00
# Visual Studio Version 16
VisualStudioVersion = 16.0.31729.503
MinimumVisualStudioVersion = 10.0.40219.1
Project("{FAE04EC0-301F-11D3-BF4B-00C04F79EFBC}") = "Algorithm", "Algorithm\Algorithm.csproj", "{5FCF5226-FA23-4071-A652-85FBCB64DCC8}"
EndProject
Global
	GlobalSection(SolutionConfigurationPlatforms) = preSolution
		Debug|Any CPU = Debug|Any CPU
		Release|Any CPU = Release|Any CPU
	EndGlobalSection
	GlobalSection(ProjectConfigurationPlatforms) = postSolution
		{5FCF5226-FA23-4071-A652-85FBCB64DCC8}.Debug|Any CPU.ActiveCfg = Debug|Any CPU
		{5FCF5226-FA23-4071-A652-85FBCB64DCC8}.Debug|Any CPU.Build.0 = Debug|Any CPU
		{5FCF5226-FA23-4071-A652-85FBCB64DCC8}.Release|Any CPU.ActiveCfg = Release|Any CPU
		{5FCF5226-FA23-4071-A652-85FBCB64DCC8}.Release|Any CPU.Build.0 = Release|Any CPU
	EndGlobalSection
	GlobalSection(SolutionProperties) = preSolution
		HideSolutionNode = FALSE
	EndGlobalSection
	GlobalSection(ExtensibilityGlobals) = postSolution
		SolutionGuid = {4F1577F1-A53D-4F62-8E41-78F25CEFF1AB}
	EndGlobalSection
EndGlobal
